{
    "name": "wallet_project",
    "lockfileVersion": 3,
    "requires": true,
    "packages": {
        "": {
            "name": "wallet_project",
            "workspaces": [
                "src/wallet_project_frontend",
                "src/wallet_project_backend"
            ],
            "engines": {
                "node": ">=16.0.0",
                "npm": ">=7.0.0"
            }
        },
        "node_modules/wallet_project_frontend": {
            "resolved": "src/wallet_project_frontend",
            "link": true
        },
        "src/wallet_project_frontend": {
            "version": "1.0.0",
            "license": "ISC"
        }
    }
}
